
Microsoft Visual Studio Solution File, Format Version 12.00
# Visual Studio Version 16
VisualStudioVersion = 16.0.29709.97
MinimumVisualStudioVersion = 10.0.40219.1
Project("{8BC9CEB8-8B4A-11D0-8D11-00A0C91BC942}") = "Exercicio01", "src\Exercicio01\Exercicio01.vcxproj", "{8ED6438C-10F2-4C0B-A49B-E060BF7F8F02}"
EndProject
Project("{8BC9CEB8-8B4A-11D0-8D11-00A0C91BC942}") = "Exercicio02", "src\Exercicio02\Exercicio02.vcxproj", "{36AE3122-0750-43C8-B946-F6A1DF988DAD}"
EndProject
Project("{8BC9CEB8-8B4A-11D0-8D11-00A0C91BC942}") = "Exercicio03", "src\Exercicio03\Exercicio03.vcxproj", "{C4F2BD6D-E871-4AC3-BA0A-99FB3DC119C1}"
EndProject
Project("{8BC9CEB8-8B4A-11D0-8D11-00A0C91BC942}") = "Exercicio04", "src\Exercicio04\Exercicio04.vcxproj", "{C6D8D693-348D-44D7-A39B-BEDC1103D3A8}"
EndProject
Global
	GlobalSection(SolutionConfigurationPlatforms) = preSolution
		Debug|x64 = Debug|x64
		Debug|x86 = Debug|x86
		Release|x64 = Release|x64
		Release|x86 = Release|x86
	EndGlobalSection
	GlobalSection(ProjectConfigurationPlatforms) = postSolution
		{8ED6438C-10F2-4C0B-A49B-E060BF7F8F02}.Debug|x64.ActiveCfg = Debug|x64
		{8ED6438C-10F2-4C0B-A49B-E060BF7F8F02}.Debug|x64.Build.0 = Debug|x64
		{8ED6438C-10F2-4C0B-A49B-E060BF7F8F02}.Debug|x86.ActiveCfg = Debug|Win32
		{8ED6438C-10F2-4C0B-A49B-E060BF7F8F02}.Debug|x86.Build.0 = Debug|Win32
		{8ED6438C-10F2-4C0B-A49B-E060BF7F8F02}.Release|x64.ActiveCfg = Release|x64
		{8ED6438C-10F2-4C0B-A49B-E060BF7F8F02}.Release|x64.Build.0 = Release|x64
		{8ED6438C-10F2-4C0B-A49B-E060BF7F8F02}.Release|x86.ActiveCfg = Release|Win32
		{8ED6438C-10F2-4C0B-A49B-E060BF7F8F02}.Release|x86.Build.0 = Release|Win32
		{36AE3122-0750-43C8-B946-F6A1DF988DAD}.Debug|x64.ActiveCfg = Debug|x64
		{36AE3122-0750-43C8-B946-F6A1DF988DAD}.Debug|x64.Build.0 = Debug|x64
		{36AE3122-0750-43C8-B946-F6A1DF988DAD}.Debug|x86.ActiveCfg = Debug|Win32
		{36AE3122-0750-43C8-B946-F6A1DF988DAD}.Debug|x86.Build.0 = Debug|Win32
		{36AE3122-0750-43C8-B946-F6A1DF988DAD}.Release|x64.ActiveCfg = Release|x64
		{36AE3122-0750-43C8-B946-F6A1DF988DAD}.Release|x64.Build.0 = Release|x64
		{36AE3122-0750-43C8-B946-F6A1DF988DAD}.Release|x86.ActiveCfg = Release|Win32
		{36AE3122-0750-43C8-B946-F6A1DF988DAD}.Release|x86.Build.0 = Release|Win32
		{C4F2BD6D-E871-4AC3-BA0A-99FB3DC119C1}.Debug|x64.ActiveCfg = Debug|x64
		{C4F2BD6D-E871-4AC3-BA0A-99FB3DC119C1}.Debug|x64.Build.0 = Debug|x64
		{C4F2BD6D-E871-4AC3-BA0A-99FB3DC119C1}.Debug|x86.ActiveCfg = Debug|Win32
		{C4F2BD6D-E871-4AC3-BA0A-99FB3DC119C1}.Debug|x86.Build.0 = Debug|Win32
		{C4F2BD6D-E871-4AC3-BA0A-99FB3DC119C1}.Release|x64.ActiveCfg = Release|x64
		{C4F2BD6D-E871-4AC3-BA0A-99FB3DC119C1}.Release|x64.Build.0 = Release|x64
		{C4F2BD6D-E871-4AC3-BA0A-99FB3DC119C1}.Release|x86.ActiveCfg = Release|Win32
		{C4F2BD6D-E871-4AC3-BA0A-99FB3DC119C1}.Release|x86.Build.0 = Release|Win32
		{C6D8D693-348D-44D7-A39B-BEDC1103D3A8}.Debug|x64.ActiveCfg = Debug|x64
		{C6D8D693-348D-44D7-A39B-BEDC1103D3A8}.Debug|x64.Build.0 = Debug|x64
		{C6D8D693-348D-44D7-A39B-BEDC1103D3A8}.Debug|x86.ActiveCfg = Debug|Win32
		{C6D8D693-348D-44D7-A39B-BEDC1103D3A8}.Debug|x86.Build.0 = Debug|Win32
		{C6D8D693-348D-44D7-A39B-BEDC1103D3A8}.Release|x64.ActiveCfg = Release|x64
		{C6D8D693-348D-44D7-A39B-BEDC1103D3A8}.Release|x64.Build.0 = Release|x64
		{C6D8D693-348D-44D7-A39B-BEDC1103D3A8}.Release|x86.ActiveCfg = Release|Win32
		{C6D8D693-348D-44D7-A39B-BEDC1103D3A8}.Release|x86.Build.0 = Release|Win32
	EndGlobalSection
	GlobalSection(SolutionProperties) = preSolution
		HideSolutionNode = FALSE
	EndGlobalSection
	GlobalSection(ExtensibilityGlobals) = postSolution
		SolutionGuid = {B749219A-E566-4FE7-911B-4C9D53FD2B7D}
	EndGlobalSection
EndGlobal
